
Microsoft Visual Studio Solution File, Format Version 12.00
Project("{FAE04EC0-301F-11D3-BF4B-00C04F79EFBC}") = "WebAppLessonsApi", "WebAppLessonsApi\WebAppLessonsApi.csproj", "{18371F9C-14C6-4A31-8A4D-8305F9593005}"
EndProject
Project("{2150E333-8FDC-42A3-9474-1A3956D46DE8}") = "Docker", "Docker", "{3654F3E4-1C8A-482E-848D-2673AA36C70A}"
	ProjectSection(SolutionItems) = preProject
		docker-compose.yml = docker-compose.yml
	EndProjectSection
EndProject
Global
	GlobalSection(SolutionConfigurationPlatforms) = preSolution
		Debug|Any CPU = Debug|Any CPU
		Release|Any CPU = Release|Any CPU
	EndGlobalSection
	GlobalSection(ProjectConfigurationPlatforms) = postSolution
		{18371F9C-14C6-4A31-8A4D-8305F9593005}.Debug|Any CPU.ActiveCfg = Debug|Any CPU
		{18371F9C-14C6-4A31-8A4D-8305F9593005}.Debug|Any CPU.Build.0 = Debug|Any CPU
		{18371F9C-14C6-4A31-8A4D-8305F9593005}.Release|Any CPU.ActiveCfg = Release|Any CPU
		{18371F9C-14C6-4A31-8A4D-8305F9593005}.Release|Any CPU.Build.0 = Release|Any CPU
	EndGlobalSection
EndGlobal
